<?xml version="1.0" encoding="utf-8"?>
<Project ToolsVersion="4.0" xmlns="http://schemas.microsoft.com/developer/msbuild/2003">
  <ItemGroup>
    <ClCompile Include="recolorHelper\DeclFile.cpp">
      <Filter>Source Files</Filter>
    </ClCompile>
    <ClCompile Include="recolorHelper\DeclReadWrite.cpp">
      <Filter>Source Files</Filter>
    </ClCompile>
    <ClCompile Include="recolorHelper\RecolorHelper.cpp">
      <Filter>Source Files</Filter>
    </ClCompile>
    <ClCompile Include="recolorHelper\Utilities.cpp">
      <Filter>Source Files</Filter>
    </ClCompile>
  </ItemGroup>
  <ItemGroup>
    <ClInclude Include="recolorHelper\Utilities.h">
      <Filter>Header Files</Filter>
    </ClInclude>
    <ClInclude Include="recolorHelper\RecolorHelper.h">
      <Filter>Header Files</Filter>
    </ClInclude>
    <ClInclude Include="recolorHelper\DeclReadWrite.h">
      <Filter>Header Files</Filter>
    </ClInclude>
    <ClInclude Include="recolorHelper\DeclFile.h">
      <Filter>Header Files</Filter>
    </ClInclude>
    <ClInclude Include="recolorHelper\Config.h">
      <Filter>Header Files</Filter>
    </ClInclude>
  </ItemGroup>
  <ItemGroup>
    <Filter Include="Source Files">
      <UniqueIdentifier>{b6ec7c4a-582e-4227-b102-e484844318cc}</UniqueIdentifier>
    </Filter>
    <Filter Include="Header Files">
      <UniqueIdentifier>{27c17336-1f30-4520-845e-e2464859b7bd}</UniqueIdentifier>
    </Filter>
  </ItemGroup>
</Project>